// !$*UTF8*$!
{
	archiveVersion = 1;
	classes = {
	};
	objectVersion = 46;
	objects = {

/* Begin PBXBuildFile section */
		173BD4381D3B4F6F00C0B8CC /* BookCaseController.swift in Sources */ = {isa = PBXBuildFile; fileRef = 173BD4371D3B4F6F00C0B8CC /* BookCaseController.swift */; };
		173BD43A1D3B4F8100C0B8CC /* ReaderStoryBoard.storyboard in Resources */ = {isa = PBXBuildFile; fileRef = 173BD4391D3B4F8100C0B8CC /* ReaderStoryBoard.storyboard */; };
		173BD43C1D3B5D6900C0B8CC /* CaseController.swift in Sources */ = {isa = PBXBuildFile; fileRef = 173BD43B1D3B5D6900C0B8CC /* CaseController.swift */; };
		173BD43E1D3B5F8100C0B8CC /* CustomCell.swift in Sources */ = {isa = PBXBuildFile; fileRef = 173BD43D1D3B5F8100C0B8CC /* CustomCell.swift */; };
		173BD4401D3B61D900C0B8CC /* Book.swift in Sources */ = {isa = PBXBuildFile; fileRef = 173BD43F1D3B61D900C0B8CC /* Book.swift */; };
		173BD4421D3B8F9E00C0B8CC /* CustomBook.swift in Sources */ = {isa = PBXBuildFile; fileRef = 173BD4411D3B8F9E00C0B8CC /* CustomBook.swift */; };
		1781D3A31D3BE5EE002BC8D2 /* Magazine.storyboard in Resources */ = {isa = PBXBuildFile; fileRef = 1781D3A21D3BE5EE002BC8D2 /* Magazine.storyboard */; };
		1781D3A71D3BE602002BC8D2 /* CustomPageViewController.swift in Sources */ = {isa = PBXBuildFile; fileRef = 1781D3A41D3BE602002BC8D2 /* CustomPageViewController.swift */; };
		1781D3A81D3BE602002BC8D2 /* MagazineViewController.swift in Sources */ = {isa = PBXBuildFile; fileRef = 1781D3A51D3BE602002BC8D2 /* MagazineViewController.swift */; };
		1781D3A91D3BE602002BC8D2 /* Walkthrough.storyboard in Resources */ = {isa = PBXBuildFile; fileRef = 1781D3A61D3BE602002BC8D2 /* Walkthrough.storyboard */; };
		48F42433A46307EC0B51E3FB /* Pods_MagoMagazine.framework in Frameworks */ = {isa = PBXBuildFile; fileRef = BE38981F9197C174BE703558 /* Pods_MagoMagazine.framework */; };
		5DA82CB82446BA84F35442BD /* Pods_MagoMagazineUITests.framework in Frameworks */ = {isa = PBXBuildFile; fileRef = 5EAAE47F57998696058D90D3 /* Pods_MagoMagazineUITests.framework */; };
		A57686B81D3A0DB000A7E359 /* DummyIcon.png in Resources */ = {isa = PBXBuildFile; fileRef = A57686B71D3A0DB000A7E359 /* DummyIcon.png */; };
		A57686BA1D3A202200A7E359 /* PostRequest.swift in Sources */ = {isa = PBXBuildFile; fileRef = A57686B91D3A202200A7E359 /* PostRequest.swift */; };
		A57BE8D61D3A00B600F67116 /* AppDelegate.swift in Sources */ = {isa = PBXBuildFile; fileRef = A57BE8D51D3A00B600F67116 /* AppDelegate.swift */; };
		A57BE8D81D3A00B600F67116 /* ViewController.swift in Sources */ = {isa = PBXBuildFile; fileRef = A57BE8D71D3A00B600F67116 /* ViewController.swift */; };
		A57BE8DB1D3A00B600F67116 /* Main.storyboard in Resources */ = {isa = PBXBuildFile; fileRef = A57BE8D91D3A00B600F67116 /* Main.storyboard */; };
		A57BE8DD1D3A00B600F67116 /* Assets.xcassets in Resources */ = {isa = PBXBuildFile; fileRef = A57BE8DC1D3A00B600F67116 /* Assets.xcassets */; };
		A57BE8E01D3A00B600F67116 /* LaunchScreen.storyboard in Resources */ = {isa = PBXBuildFile; fileRef = A57BE8DE1D3A00B600F67116 /* LaunchScreen.storyboard */; };
		A57BE8EB1D3A00B600F67116 /* MagoMagazineTests.swift in Sources */ = {isa = PBXBuildFile; fileRef = A57BE8EA1D3A00B600F67116 /* MagoMagazineTests.swift */; };
		A57BE8F61D3A00B600F67116 /* MagoMagazineUITests.swift in Sources */ = {isa = PBXBuildFile; fileRef = A57BE8F51D3A00B600F67116 /* MagoMagazineUITests.swift */; };
		C016BDB6B8479046DE41AE11 /* Pods_MagoMagazineTests.framework in Frameworks */ = {isa = PBXBuildFile; fileRef = 20B0C658F770DAF5DCADD852 /* Pods_MagoMagazineTests.framework */; };
/* End PBXBuildFile section */

/* Begin PBXContainerItemProxy section */
		A57BE8E71D3A00B600F67116 /* PBXContainerItemProxy */ = {
			isa = PBXContainerItemProxy;
			containerPortal = A57BE8CA1D3A00B600F67116 /* Project object */;
			proxyType = 1;
			remoteGlobalIDString = A57BE8D11D3A00B600F67116;
			remoteInfo = MagoMagazine;
		};
		A57BE8F21D3A00B600F67116 /* PBXContainerItemProxy */ = {
			isa = PBXContainerItemProxy;
			containerPortal = A57BE8CA1D3A00B600F67116 /* Project object */;
			proxyType = 1;
			remoteGlobalIDString = A57BE8D11D3A00B600F67116;
			remoteInfo = MagoMagazine;
		};
/* End PBXContainerItemProxy section */

/* Begin PBXFileReference section */
		173BD4371D3B4F6F00C0B8CC /* BookCaseController.swift */ = {isa = PBXFileReference; fileEncoding = 4; lastKnownFileType = sourcecode.swift; path = BookCaseController.swift; sourceTree = "<group>"; };
		173BD4391D3B4F8100C0B8CC /* ReaderStoryBoard.storyboard */ = {isa = PBXFileReference; fileEncoding = 4; lastKnownFileType = file.storyboard; path = ReaderStoryBoard.storyboard; sourceTree = "<group>"; };
		173BD43B1D3B5D6900C0B8CC /* CaseController.swift */ = {isa = PBXFileReference; fileEncoding = 4; lastKnownFileType = sourcecode.swift; path = CaseController.swift; sourceTree = "<group>"; };
		173BD43D1D3B5F8100C0B8CC /* CustomCell.swift */ = {isa = PBXFileReference; fileEncoding = 4; lastKnownFileType = sourcecode.swift; path = CustomCell.swift; sourceTree = "<group>"; };
		173BD43F1D3B61D900C0B8CC /* Book.swift */ = {isa = PBXFileReference; fileEncoding = 4; lastKnownFileType = sourcecode.swift; path = Book.swift; sourceTree = "<group>"; };
		173BD4411D3B8F9E00C0B8CC /* CustomBook.swift */ = {isa = PBXFileReference; fileEncoding = 4; lastKnownFileType = sourcecode.swift; path = CustomBook.swift; sourceTree = "<group>"; };
		1781D3A21D3BE5EE002BC8D2 /* Magazine.storyboard */ = {isa = PBXFileReference; fileEncoding = 4; lastKnownFileType = file.storyboard; path = Magazine.storyboard; sourceTree = "<group>"; };
		1781D3A41D3BE602002BC8D2 /* CustomPageViewController.swift */ = {isa = PBXFileReference; fileEncoding = 4; lastKnownFileType = sourcecode.swift; path = CustomPageViewController.swift; sourceTree = "<group>"; };
		1781D3A51D3BE602002BC8D2 /* MagazineViewController.swift */ = {isa = PBXFileReference; fileEncoding = 4; lastKnownFileType = sourcecode.swift; path = MagazineViewController.swift; sourceTree = "<group>"; };
		1781D3A61D3BE602002BC8D2 /* Walkthrough.storyboard */ = {isa = PBXFileReference; fileEncoding = 4; lastKnownFileType = file.storyboard; path = Walkthrough.storyboard; sourceTree = "<group>"; };
		1F812EF7B6072E8D5DB5ADB9 /* Pods-MagoMagazineUITests.release.xcconfig */ = {isa = PBXFileReference; includeInIndex = 1; lastKnownFileType = text.xcconfig; name = "Pods-MagoMagazineUITests.release.xcconfig"; path = "Pods/Target Support Files/Pods-MagoMagazineUITests/Pods-MagoMagazineUITests.release.xcconfig"; sourceTree = "<group>"; };
		20B0C658F770DAF5DCADD852 /* Pods_MagoMagazineTests.framework */ = {isa = PBXFileReference; explicitFileType = wrapper.framework; includeInIndex = 0; path = Pods_MagoMagazineTests.framework; sourceTree = BUILT_PRODUCTS_DIR; };
		22203DC95B8A97681DCB7AC0 /* Pods-MagoMagazine.debug.xcconfig */ = {isa = PBXFileReference; includeInIndex = 1; lastKnownFileType = text.xcconfig; name = "Pods-MagoMagazine.debug.xcconfig"; path = "Pods/Target Support Files/Pods-MagoMagazine/Pods-MagoMagazine.debug.xcconfig"; sourceTree = "<group>"; };
		5EAAE47F57998696058D90D3 /* Pods_MagoMagazineUITests.framework */ = {isa = PBXFileReference; explicitFileType = wrapper.framework; includeInIndex = 0; path = Pods_MagoMagazineUITests.framework; sourceTree = BUILT_PRODUCTS_DIR; };
		65D28B8855AE8123B944486A /* Pods-MagoMagazine.release.xcconfig */ = {isa = PBXFileReference; includeInIndex = 1; lastKnownFileType = text.xcconfig; name = "Pods-MagoMagazine.release.xcconfig"; path = "Pods/Target Support Files/Pods-MagoMagazine/Pods-MagoMagazine.release.xcconfig"; sourceTree = "<group>"; };
		68C13CB6E64B18B4847EAFA7 /* Pods-MagoMagazineUITests.debug.xcconfig */ = {isa = PBXFileReference; includeInIndex = 1; lastKnownFileType = text.xcconfig; name = "Pods-MagoMagazineUITests.debug.xcconfig"; path = "Pods/Target Support Files/Pods-MagoMagazineUITests/Pods-MagoMagazineUITests.debug.xcconfig"; sourceTree = "<group>"; };
		80A6372A8BC0CF0400CC2B3A /* Pods-MagoMagazineTests.release.xcconfig */ = {isa = PBXFileReference; includeInIndex = 1; lastKnownFileType = text.xcconfig; name = "Pods-MagoMagazineTests.release.xcconfig"; path = "Pods/Target Support Files/Pods-MagoMagazineTests/Pods-MagoMagazineTests.release.xcconfig"; sourceTree = "<group>"; };
		A57686B71D3A0DB000A7E359 /* DummyIcon.png */ = {isa = PBXFileReference; lastKnownFileType = image.png; path = DummyIcon.png; sourceTree = "<group>"; };
		A57686B91D3A202200A7E359 /* PostRequest.swift */ = {isa = PBXFileReference; fileEncoding = 4; lastKnownFileType = sourcecode.swift; path = PostRequest.swift; sourceTree = "<group>"; };
		A57BE8D21D3A00B600F67116 /* MagoMagazine.app */ = {isa = PBXFileReference; explicitFileType = wrapper.application; includeInIndex = 0; path = MagoMagazine.app; sourceTree = BUILT_PRODUCTS_DIR; };
		A57BE8D51D3A00B600F67116 /* AppDelegate.swift */ = {isa = PBXFileReference; lastKnownFileType = sourcecode.swift; path = AppDelegate.swift; sourceTree = "<group>"; };
		A57BE8D71D3A00B600F67116 /* ViewController.swift */ = {isa = PBXFileReference; lastKnownFileType = sourcecode.swift; path = ViewController.swift; sourceTree = "<group>"; };
		A57BE8DA1D3A00B600F67116 /* Base */ = {isa = PBXFileReference; lastKnownFileType = file.storyboard; name = Base; path = Base.lproj/Main.storyboard; sourceTree = "<group>"; };
		A57BE8DC1D3A00B600F67116 /* Assets.xcassets */ = {isa = PBXFileReference; lastKnownFileType = folder.assetcatalog; path = Assets.xcassets; sourceTree = "<group>"; };
		A57BE8DF1D3A00B600F67116 /* Base */ = {isa = PBXFileReference; lastKnownFileType = file.storyboard; name = Base; path = Base.lproj/LaunchScreen.storyboard; sourceTree = "<group>"; };
		A57BE8E11D3A00B600F67116 /* Info.plist */ = {isa = PBXFileReference; lastKnownFileType = text.plist.xml; path = Info.plist; sourceTree = "<group>"; };
		A57BE8E61D3A00B600F67116 /* MagoMagazineTests.xctest */ = {isa = PBXFileReference; explicitFileType = wrapper.cfbundle; includeInIndex = 0; path = MagoMagazineTests.xctest; sourceTree = BUILT_PRODUCTS_DIR; };
		A57BE8EA1D3A00B600F67116 /* MagoMagazineTests.swift */ = {isa = PBXFileReference; lastKnownFileType = sourcecode.swift; path = MagoMagazineTests.swift; sourceTree = "<group>"; };
		A57BE8EC1D3A00B600F67116 /* Info.plist */ = {isa = PBXFileReference; lastKnownFileType = text.plist.xml; path = Info.plist; sourceTree = "<group>"; };
		A57BE8F11D3A00B600F67116 /* MagoMagazineUITests.xctest */ = {isa = PBXFileReference; explicitFileType = wrapper.cfbundle; includeInIndex = 0; path = MagoMagazineUITests.xctest; sourceTree = BUILT_PRODUCTS_DIR; };
		A57BE8F51D3A00B600F67116 /* MagoMagazineUITests.swift */ = {isa = PBXFileReference; lastKnownFileType = sourcecode.swift; path = MagoMagazineUITests.swift; sourceTree = "<group>"; };
		A57BE8F71D3A00B600F67116 /* Info.plist */ = {isa = PBXFileReference; lastKnownFileType = text.plist.xml; path = Info.plist; sourceTree = "<group>"; };
		B3C4AF2D2194DA70C4288405 /* Pods-MagoMagazineTests.debug.xcconfig */ = {isa = PBXFileReference; includeInIndex = 1; lastKnownFileType = text.xcconfig; name = "Pods-MagoMagazineTests.debug.xcconfig"; path = "Pods/Target Support Files/Pods-MagoMagazineTests/Pods-MagoMagazineTests.debug.xcconfig"; sourceTree = "<group>"; };
		BE38981F9197C174BE703558 /* Pods_MagoMagazine.framework */ = {isa = PBXFileReference; explicitFileType = wrapper.framework; includeInIndex = 0; path = Pods_MagoMagazine.framework; sourceTree = BUILT_PRODUCTS_DIR; };
/* End PBXFileReference section */

/* Begin PBXFrameworksBuildPhase section */
		A57BE8CF1D3A00B600F67116 /* Frameworks */ = {
			isa = PBXFrameworksBuildPhase;
			buildActionMask = 2147483647;
			files = (
				48F42433A46307EC0B51E3FB /* Pods_MagoMagazine.framework in Frameworks */,
			);
			runOnlyForDeploymentPostprocessing = 0;
		};
		A57BE8E31D3A00B600F67116 /* Frameworks */ = {
			isa = PBXFrameworksBuildPhase;
			buildActionMask = 2147483647;
			files = (
				C016BDB6B8479046DE41AE11 /* Pods_MagoMagazineTests.framework in Frameworks */,
			);
			runOnlyForDeploymentPostprocessing = 0;
		};
		A57BE8EE1D3A00B600F67116 /* Frameworks */ = {
			isa = PBXFrameworksBuildPhase;
			buildActionMask = 2147483647;
			files = (
				5DA82CB82446BA84F35442BD /* Pods_MagoMagazineUITests.framework in Frameworks */,
			);
			runOnlyForDeploymentPostprocessing = 0;
		};
/* End PBXFrameworksBuildPhase section */

/* Begin PBXGroup section */
		6622F6572C6BE9340938844B /* Pods */ = {
			isa = PBXGroup;
			children = (
				22203DC95B8A97681DCB7AC0 /* Pods-MagoMagazine.debug.xcconfig */,
				65D28B8855AE8123B944486A /* Pods-MagoMagazine.release.xcconfig */,
				B3C4AF2D2194DA70C4288405 /* Pods-MagoMagazineTests.debug.xcconfig */,
				80A6372A8BC0CF0400CC2B3A /* Pods-MagoMagazineTests.release.xcconfig */,
				68C13CB6E64B18B4847EAFA7 /* Pods-MagoMagazineUITests.debug.xcconfig */,
				1F812EF7B6072E8D5DB5ADB9 /* Pods-MagoMagazineUITests.release.xcconfig */,
			);
			name = Pods;
			sourceTree = "<group>";
		};
		7D5959E3E5C5F66E32139D53 /* Frameworks */ = {
			isa = PBXGroup;
			children = (
				BE38981F9197C174BE703558 /* Pods_MagoMagazine.framework */,
				20B0C658F770DAF5DCADD852 /* Pods_MagoMagazineTests.framework */,
				5EAAE47F57998696058D90D3 /* Pods_MagoMagazineUITests.framework */,
			);
			name = Frameworks;
			sourceTree = "<group>";
		};
		A57BE8C91D3A00B600F67116 = {
			isa = PBXGroup;
			children = (
				A57BE8D41D3A00B600F67116 /* MagoMagazine */,
				A57BE8E91D3A00B600F67116 /* MagoMagazineTests */,
				A57BE8F41D3A00B600F67116 /* MagoMagazineUITests */,
				A57BE8D31D3A00B600F67116 /* Products */,
				6622F6572C6BE9340938844B /* Pods */,
				7D5959E3E5C5F66E32139D53 /* Frameworks */,
			);
			sourceTree = "<group>";
		};
		A57BE8D31D3A00B600F67116 /* Products */ = {
			isa = PBXGroup;
			children = (
				A57BE8D21D3A00B600F67116 /* MagoMagazine.app */,
				A57BE8E61D3A00B600F67116 /* MagoMagazineTests.xctest */,
				A57BE8F11D3A00B600F67116 /* MagoMagazineUITests.xctest */,
			);
			name = Products;
			sourceTree = "<group>";
		};
		A57BE8D41D3A00B600F67116 /* MagoMagazine */ = {
			isa = PBXGroup;
			children = (
				A57BE8D51D3A00B600F67116 /* AppDelegate.swift */,
				173BD4371D3B4F6F00C0B8CC /* BookCaseController.swift */,
				A57BE8D71D3A00B600F67116 /* ViewController.swift */,
				1781D3A21D3BE5EE002BC8D2 /* Magazine.storyboard */,
				A57686B91D3A202200A7E359 /* PostRequest.swift */,
				1781D3A41D3BE602002BC8D2 /* CustomPageViewController.swift */,
				1781D3A51D3BE602002BC8D2 /* MagazineViewController.swift */,
				1781D3A61D3BE602002BC8D2 /* Walkthrough.storyboard */,
				A57BE8D91D3A00B600F67116 /* Main.storyboard */,
				A57BE8DC1D3A00B600F67116 /* Assets.xcassets */,
				A57BE8DE1D3A00B600F67116 /* LaunchScreen.storyboard */,
				A57BE8E11D3A00B600F67116 /* Info.plist */,
				A57686B71D3A0DB000A7E359 /* DummyIcon.png */,
				173BD4391D3B4F8100C0B8CC /* ReaderStoryBoard.storyboard */,
				173BD4411D3B8F9E00C0B8CC /* CustomBook.swift */,
				173BD43F1D3B61D900C0B8CC /* Book.swift */,
				173BD43D1D3B5F8100C0B8CC /* CustomCell.swift */,
				173BD43B1D3B5D6900C0B8CC /* CaseController.swift */,
			);
			path = MagoMagazine;
			sourceTree = "<group>";
		};
		A57BE8E91D3A00B600F67116 /* MagoMagazineTests */ = {
			isa = PBXGroup;
			children = (
				A57BE8EA1D3A00B600F67116 /* MagoMagazineTests.swift */,
				A57BE8EC1D3A00B600F67116 /* Info.plist */,
			);
			path = MagoMagazineTests;
			sourceTree = "<group>";
		};
		A57BE8F41D3A00B600F67116 /* MagoMagazineUITests */ = {
			isa = PBXGroup;
			children = (
				A57BE8F51D3A00B600F67116 /* MagoMagazineUITests.swift */,
				A57BE8F71D3A00B600F67116 /* Info.plist */,
			);
			path = MagoMagazineUITests;
			sourceTree = "<group>";
		};
/* End PBXGroup section */

/* Begin PBXNativeTarget section */
		A57BE8D11D3A00B600F67116 /* MagoMagazine */ = {
			isa = PBXNativeTarget;
			buildConfigurationList = A57BE8FA1D3A00B600F67116 /* Build configuration list for PBXNativeTarget "MagoMagazine" */;
			buildPhases = (
				D0F3F8AA5C9A968C19C1AD56 /* [CP] Check Pods Manifest.lock */,
				A57BE8CE1D3A00B600F67116 /* Sources */,
				A57BE8CF1D3A00B600F67116 /* Frameworks */,
				A57BE8D01D3A00B600F67116 /* Resources */,
				950306750F5CD0C5CA4677CF /* [CP] Embed Pods Frameworks */,
				8B6ECCE9721561C2004C3F5E /* [CP] Copy Pods Resources */,
			);
			buildRules = (
			);
			dependencies = (
			);
			name = MagoMagazine;
			productName = MagoMagazine;
			productReference = A57BE8D21D3A00B600F67116 /* MagoMagazine.app */;
			productType = "com.apple.product-type.application";
		};
		A57BE8E51D3A00B600F67116 /* MagoMagazineTests */ = {
			isa = PBXNativeTarget;
			buildConfigurationList = A57BE8FD1D3A00B600F67116 /* Build configuration list for PBXNativeTarget "MagoMagazineTests" */;
			buildPhases = (
				C9C04933E8B010A3516938C6 /* [CP] Check Pods Manifest.lock */,
				A57BE8E21D3A00B600F67116 /* Sources */,
				A57BE8E31D3A00B600F67116 /* Frameworks */,
				A57BE8E41D3A00B600F67116 /* Resources */,
				DFCB166BFF3F34B8EEBCCFA2 /* [CP] Embed Pods Frameworks */,
				5503EB011E0C3E550D858DBA /* [CP] Copy Pods Resources */,
			);
			buildRules = (
			);
			dependencies = (
				A57BE8E81D3A00B600F67116 /* PBXTargetDependency */,
			);
			name = MagoMagazineTests;
			productName = MagoMagazineTests;
			productReference = A57BE8E61D3A00B600F67116 /* MagoMagazineTests.xctest */;
			productType = "com.apple.product-type.bundle.unit-test";
		};
		A57BE8F01D3A00B600F67116 /* MagoMagazineUITests */ = {
			isa = PBXNativeTarget;
			buildConfigurationList = A57BE9001D3A00B600F67116 /* Build configuration list for PBXNativeTarget "MagoMagazineUITests" */;
			buildPhases = (
				F7C1C8E985FAADFB41A4A8CD /* [CP] Check Pods Manifest.lock */,
				A57BE8ED1D3A00B600F67116 /* Sources */,
				A57BE8EE1D3A00B600F67116 /* Frameworks */,
				A57BE8EF1D3A00B600F67116 /* Resources */,
				53262B4498406A7A1471BB48 /* [CP] Copy Pods Resources */,
			);
			buildRules = (
			);
			dependencies = (
				A57BE8F31D3A00B600F67116 /* PBXTargetDependency */,
			);
			name = MagoMagazineUITests;
			productName = MagoMagazineUITests;
			productReference = A57BE8F11D3A00B600F67116 /* MagoMagazineUITests.xctest */;
			productType = "com.apple.product-type.bundle.ui-testing";
		};
/* End PBXNativeTarget section */

/* Begin PBXProject section */
		A57BE8CA1D3A00B600F67116 /* Project object */ = {
			isa = PBXProject;
			attributes = {
				LastSwiftUpdateCheck = 0730;
				LastUpgradeCheck = 0730;
				ORGANIZATIONNAME = "渡辺雄貴";
				TargetAttributes = {
					A57BE8D11D3A00B600F67116 = {
						CreatedOnToolsVersion = 7.3.1;
						DevelopmentTeam = H9V3G3ZMV8;
					};
					A57BE8E51D3A00B600F67116 = {
						CreatedOnToolsVersion = 7.3.1;
						DevelopmentTeam = DYU456A94Q;
						TestTargetID = A57BE8D11D3A00B600F67116;
					};
					A57BE8F01D3A00B600F67116 = {
						CreatedOnToolsVersion = 7.3.1;
						DevelopmentTeam = DYU456A94Q;
						TestTargetID = A57BE8D11D3A00B600F67116;
					};
				};
			};
			buildConfigurationList = A57BE8CD1D3A00B600F67116 /* Build configuration list for PBXProject "MagoMagazine" */;
			compatibilityVersion = "Xcode 3.2";
			developmentRegion = English;
			hasScannedForEncodings = 0;
			knownRegions = (
				en,
				Base,
			);
			mainGroup = A57BE8C91D3A00B600F67116;
			productRefGroup = A57BE8D31D3A00B600F67116 /* Products */;
			projectDirPath = "";
			projectRoot = "";
			targets = (
				A57BE8D11D3A00B600F67116 /* MagoMagazine */,
				A57BE8E51D3A00B600F67116 /* MagoMagazineTests */,
				A57BE8F01D3A00B600F67116 /* MagoMagazineUITests */,
			);
		};
/* End PBXProject section */

/* Begin PBXResourcesBuildPhase section */
		A57BE8D01D3A00B600F67116 /* Resources */ = {
			isa = PBXResourcesBuildPhase;
			buildActionMask = 2147483647;
			files = (
				A57BE8E01D3A00B600F67116 /* LaunchScreen.storyboard in Resources */,
				173BD43A1D3B4F8100C0B8CC /* ReaderStoryBoard.storyboard in Resources */,
				1781D3A91D3BE602002BC8D2 /* Walkthrough.storyboard in Resources */,
				A57686B81D3A0DB000A7E359 /* DummyIcon.png in Resources */,
				A57BE8DD1D3A00B600F67116 /* Assets.xcassets in Resources */,
				1781D3A31D3BE5EE002BC8D2 /* Magazine.storyboard in Resources */,
				A57BE8DB1D3A00B600F67116 /* Main.storyboard in Resources */,
			);
			runOnlyForDeploymentPostprocessing = 0;
		};
		A57BE8E41D3A00B600F67116 /* Resources */ = {
			isa = PBXResourcesBuildPhase;
			buildActionMask = 2147483647;
			files = (
			);
			runOnlyForDeploymentPostprocessing = 0;
		};
		A57BE8EF1D3A00B600F67116 /* Resources */ = {
			isa = PBXResourcesBuildPhase;
			buildActionMask = 2147483647;
			files = (
			);
			runOnlyForDeploymentPostprocessing = 0;
		};
/* End PBXResourcesBuildPhase section */

/* Begin PBXShellScriptBuildPhase section */
		53262B4498406A7A1471BB48 /* [CP] Copy Pods Resources */ = {
			isa = PBXShellScriptBuildPhase;
			buildActionMask = 2147483647;
			files = (
			);
			inputPaths = (
			);
			name = "[CP] Copy Pods Resources";
			outputPaths = (
			);
			runOnlyForDeploymentPostprocessing = 0;
			shellPath = /bin/sh;
			shellScript = "\"${SRCROOT}/Pods/Target Support Files/Pods-MagoMagazineUITests/Pods-MagoMagazineUITests-resources.sh\"\n";
			showEnvVarsInLog = 0;
		};
		5503EB011E0C3E550D858DBA /* [CP] Copy Pods Resources */ = {
			isa = PBXShellScriptBuildPhase;
			buildActionMask = 2147483647;
			files = (
			);
			inputPaths = (
			);
			name = "[CP] Copy Pods Resources";
			outputPaths = (
			);
			runOnlyForDeploymentPostprocessing = 0;
			shellPath = /bin/sh;
			shellScript = "\"${SRCROOT}/Pods/Target Support Files/Pods-MagoMagazineTests/Pods-MagoMagazineTests-resources.sh\"\n";
			showEnvVarsInLog = 0;
		};
		8B6ECCE9721561C2004C3F5E /* [CP] Copy Pods Resources */ = {
			isa = PBXShellScriptBuildPhase;
			buildActionMask = 2147483647;
			files = (
			);
			inputPaths = (
			);
			name = "[CP] Copy Pods Resources";
			outputPaths = (
			);
			runOnlyForDeploymentPostprocessing = 0;
			shellPath = /bin/sh;
			shellScript = "\"${SRCROOT}/Pods/Target Support Files/Pods-MagoMagazine/Pods-MagoMagazine-resources.sh\"\n";
			showEnvVarsInLog = 0;
		};
		950306750F5CD0C5CA4677CF /* [CP] Embed Pods Frameworks */ = {
			isa = PBXShellScriptBuildPhase;
			buildActionMask = 2147483647;
			files = (
			);
			inputPaths = (
			);
			name = "[CP] Embed Pods Frameworks";
			outputPaths = (
			);
			runOnlyForDeploymentPostprocessing = 0;
			shellPath = /bin/sh;
			shellScript = "\"${SRCROOT}/Pods/Target Support Files/Pods-MagoMagazine/Pods-MagoMagazine-frameworks.sh\"\n";
			showEnvVarsInLog = 0;
		};
		C9C04933E8B010A3516938C6 /* [CP] Check Pods Manifest.lock */ = {
			isa = PBXShellScriptBuildPhase;
			buildActionMask = 2147483647;
			files = (
			);
			inputPaths = (
			);
			name = "[CP] Check Pods Manifest.lock";
			outputPaths = (
			);
			runOnlyForDeploymentPostprocessing = 0;
			shellPath = /bin/sh;
			shellScript = "diff \"${PODS_ROOT}/../Podfile.lock\" \"${PODS_ROOT}/Manifest.lock\" > /dev/null\nif [[ $? != 0 ]] ; then\n    cat << EOM\nerror: The sandbox is not in sync with the Podfile.lock. Run 'pod install' or update your CocoaPods installation.\nEOM\n    exit 1\nfi\n";
			showEnvVarsInLog = 0;
		};
		D0F3F8AA5C9A968C19C1AD56 /* [CP] Check Pods Manifest.lock */ = {
			isa = PBXShellScriptBuildPhase;
			buildActionMask = 2147483647;
			files = (
			);
			inputPaths = (
			);
			name = "[CP] Check Pods Manifest.lock";
			outputPaths = (
			);
			runOnlyForDeploymentPostprocessing = 0;
			shellPath = /bin/sh;
			shellScript = "diff \"${PODS_ROOT}/../Podfile.lock\" \"${PODS_ROOT}/Manifest.lock\" > /dev/null\nif [[ $? != 0 ]] ; then\n    cat << EOM\nerror: The sandbox is not in sync with the Podfile.lock. Run 'pod install' or update your CocoaPods installation.\nEOM\n    exit 1\nfi\n";
			showEnvVarsInLog = 0;
		};
		DFCB166BFF3F34B8EEBCCFA2 /* [CP] Embed Pods Frameworks */ = {
			isa = PBXShellScriptBuildPhase;
			buildActionMask = 2147483647;
			files = (
			);
			inputPaths = (
			);
			name = "[CP] Embed Pods Frameworks";
			outputPaths = (
			);
			runOnlyForDeploymentPostprocessing = 0;
			shellPath = /bin/sh;
			shellScript = "\"${SRCROOT}/Pods/Target Support Files/Pods-MagoMagazineTests/Pods-MagoMagazineTests-frameworks.sh\"\n";
			showEnvVarsInLog = 0;
		};
		F7C1C8E985FAADFB41A4A8CD /* [CP] Check Pods Manifest.lock */ = {
			isa = PBXShellScriptBuildPhase;
			buildActionMask = 2147483647;
			files = (
			);
			inputPaths = (
			);
			name = "[CP] Check Pods Manifest.lock";
			outputPaths = (
			);
			runOnlyForDeploymentPostprocessing = 0;
			shellPath = /bin/sh;
			shellScript = "diff \"${PODS_ROOT}/../Podfile.lock\" \"${PODS_ROOT}/Manifest.lock\" > /dev/null\nif [[ $? != 0 ]] ; then\n    cat << EOM\nerror: The sandbox is not in sync with the Podfile.lock. Run 'pod install' or update your CocoaPods installation.\nEOM\n    exit 1\nfi\n";
			showEnvVarsInLog = 0;
		};
/* End PBXShellScriptBuildPhase section */

/* Begin PBXSourcesBuildPhase section */
		A57BE8CE1D3A00B600F67116 /* Sources */ = {
			isa = PBXSourcesBuildPhase;
			buildActionMask = 2147483647;
			files = (
				A57BE8D81D3A00B600F67116 /* ViewController.swift in Sources */,
				173BD4421D3B8F9E00C0B8CC /* CustomBook.swift in Sources */,
				A57686BA1D3A202200A7E359 /* PostRequest.swift in Sources */,
				173BD4401D3B61D900C0B8CC /* Book.swift in Sources */,
				1781D3A81D3BE602002BC8D2 /* MagazineViewController.swift in Sources */,
				173BD4381D3B4F6F00C0B8CC /* BookCaseController.swift in Sources */,
				173BD43C1D3B5D6900C0B8CC /* CaseController.swift in Sources */,
				173BD43E1D3B5F8100C0B8CC /* CustomCell.swift in Sources */,
				A57BE8D61D3A00B600F67116 /* AppDelegate.swift in Sources */,
				1781D3A71D3BE602002BC8D2 /* CustomPageViewController.swift in Sources */,
			);
			runOnlyForDeploymentPostprocessing = 0;
		};
		A57BE8E21D3A00B600F67116 /* Sources */ = {
			isa = PBXSourcesBuildPhase;
			buildActionMask = 2147483647;
			files = (
				A57BE8EB1D3A00B600F67116 /* MagoMagazineTests.swift in Sources */,
			);
			runOnlyForDeploymentPostprocessing = 0;
		};
		A57BE8ED1D3A00B600F67116 /* Sources */ = {
			isa = PBXSourcesBuildPhase;
			buildActionMask = 2147483647;
			files = (
				A57BE8F61D3A00B600F67116 /* MagoMagazineUITests.swift in Sources */,
			);
			runOnlyForDeploymentPostprocessing = 0;
		};
/* End PBXSourcesBuildPhase section */

/* Begin PBXTargetDependency section */
		A57BE8E81D3A00B600F67116 /* PBXTargetDependency */ = {
			isa = PBXTargetDependency;
			target = A57BE8D11D3A00B600F67116 /* MagoMagazine */;
			targetProxy = A57BE8E71D3A00B600F67116 /* PBXContainerItemProxy */;
		};
		A57BE8F31D3A00B600F67116 /* PBXTargetDependency */ = {
			isa = PBXTargetDependency;
			target = A57BE8D11D3A00B600F67116 /* MagoMagazine */;
			targetProxy = A57BE8F21D3A00B600F67116 /* PBXContainerItemProxy */;
		};
/* End PBXTargetDependency section */

/* Begin PBXVariantGroup section */
		A57BE8D91D3A00B600F67116 /* Main.storyboard */ = {
			isa = PBXVariantGroup;
			children = (
				A57BE8DA1D3A00B600F67116 /* Base */,
			);
			name = Main.storyboard;
			sourceTree = "<group>";
		};
		A57BE8DE1D3A00B600F67116 /* LaunchScreen.storyboard */ = {
			isa = PBXVariantGroup;
			children = (
				A57BE8DF1D3A00B600F67116 /* Base */,
			);
			name = LaunchScreen.storyboard;
			sourceTree = "<group>";
		};
/* End PBXVariantGroup section */

/* Begin XCBuildConfiguration section */
		A57BE8F81D3A00B600F67116 /* Debug */ = {
			isa = XCBuildConfiguration;
			buildSettings = {
				ALWAYS_SEARCH_USER_PATHS = NO;
				CLANG_ANALYZER_NONNULL = YES;
				CLANG_CXX_LANGUAGE_STANDARD = "gnu++0x";
				CLANG_CXX_LIBRARY = "libc++";
				CLANG_ENABLE_MODULES = YES;
				CLANG_ENABLE_OBJC_ARC = YES;
				CLANG_WARN_BOOL_CONVERSION = YES;
				CLANG_WARN_CONSTANT_CONVERSION = YES;
				CLANG_WARN_DIRECT_OBJC_ISA_USAGE = YES_ERROR;
				CLANG_WARN_EMPTY_BODY = YES;
				CLANG_WARN_ENUM_CONVERSION = YES;
				CLANG_WARN_INT_CONVERSION = YES;
				CLANG_WARN_OBJC_ROOT_CLASS = YES_ERROR;
				CLANG_WARN_UNREACHABLE_CODE = YES;
				CLANG_WARN__DUPLICATE_METHOD_MATCH = YES;
				"CODE_SIGN_IDENTITY[sdk=iphoneos*]" = "iPhone Developer";
				COPY_PHASE_STRIP = NO;
				DEBUG_INFORMATION_FORMAT = dwarf;
				ENABLE_STRICT_OBJC_MSGSEND = YES;
				ENABLE_TESTABILITY = YES;
				GCC_C_LANGUAGE_STANDARD = gnu99;
				GCC_DYNAMIC_NO_PIC = NO;
				GCC_NO_COMMON_BLOCKS = YES;
				GCC_OPTIMIZATION_LEVEL = 0;
				GCC_PREPROCESSOR_DEFINITIONS = (
					"DEBUG=1",
					"$(inherited)",
				);
				GCC_WARN_64_TO_32_BIT_CONVERSION = YES;
				GCC_WARN_ABOUT_RETURN_TYPE = YES_ERROR;
				GCC_WARN_UNDECLARED_SELECTOR = YES;
				GCC_WARN_UNINITIALIZED_AUTOS = YES_AGGRESSIVE;
				GCC_WARN_UNUSED_FUNCTION = YES;
				GCC_WARN_UNUSED_VARIABLE = YES;
				IPHONEOS_DEPLOYMENT_TARGET = 9.3;
				MTL_ENABLE_DEBUG_INFO = YES;
				ONLY_ACTIVE_ARCH = YES;
				SDKROOT = iphoneos;
				SWIFT_OPTIMIZATION_LEVEL = "-Onone";
			};
			name = Debug;
		};
		A57BE8F91D3A00B600F67116 /* Release */ = {
			isa = XCBuildConfiguration;
			buildSettings = {
				ALWAYS_SEARCH_USER_PATHS = NO;
				CLANG_ANALYZER_NONNULL = YES;
				CLANG_CXX_LANGUAGE_STANDARD = "gnu++0x";
				CLANG_CXX_LIBRARY = "libc++";
				CLANG_ENABLE_MODULES = YES;
				CLANG_ENABLE_OBJC_ARC = YES;
				CLANG_WARN_BOOL_CONVERSION = YES;
				CLANG_WARN_CONSTANT_CONVERSION = YES;
				CLANG_WARN_DIRECT_OBJC_ISA_USAGE = YES_ERROR;
				CLANG_WARN_EMPTY_BODY = YES;
				CLANG_WARN_ENUM_CONVERSION = YES;
				CLANG_WARN_INT_CONVERSION = YES;
				CLANG_WARN_OBJC_ROOT_CLASS = YES_ERROR;
				CLANG_WARN_UNREACHABLE_CODE = YES;
				CLANG_WARN__DUPLICATE_METHOD_MATCH = YES;
				"CODE_SIGN_IDENTITY[sdk=iphoneos*]" = "iPhone Developer";
				COPY_PHASE_STRIP = NO;
				DEBUG_INFORMATION_FORMAT = "dwarf-with-dsym";
				ENABLE_NS_ASSERTIONS = NO;
				ENABLE_STRICT_OBJC_MSGSEND = YES;
				GCC_C_LANGUAGE_STANDARD = gnu99;
				GCC_NO_COMMON_BLOCKS = YES;
				GCC_WARN_64_TO_32_BIT_CONVERSION = YES;
				GCC_WARN_ABOUT_RETURN_TYPE = YES_ERROR;
				GCC_WARN_UNDECLARED_SELECTOR = YES;
				GCC_WARN_UNINITIALIZED_AUTOS = YES_AGGRESSIVE;
				GCC_WARN_UNUSED_FUNCTION = YES;
				GCC_WARN_UNUSED_VARIABLE = YES;
				IPHONEOS_DEPLOYMENT_TARGET = 9.3;
				MTL_ENABLE_DEBUG_INFO = NO;
				SDKROOT = iphoneos;
				VALIDATE_PRODUCT = YES;
			};
			name = Release;
		};
		A57BE8FB1D3A00B600F67116 /* Debug */ = {
			isa = XCBuildConfiguration;
			baseConfigurationReference = 22203DC95B8A97681DCB7AC0 /* Pods-MagoMagazine.debug.xcconfig */;
			buildSettings = {
				ASSETCATALOG_COMPILER_APPICON_NAME = AppIcon;
				CODE_SIGN_IDENTITY = "iPhone Developer";
				"CODE_SIGN_IDENTITY[sdk=iphoneos*]" = "iPhone Developer";
				INFOPLIST_FILE = MagoMagazine/Info.plist;
				IPHONEOS_DEPLOYMENT_TARGET = 8.2;
				LD_RUNPATH_SEARCH_PATHS = "$(inherited) @executable_path/Frameworks";
				PRODUCT_BUNDLE_IDENTIFIER = com.watanabeyuuki.MagoMagazine;
				PRODUCT_NAME = "$(TARGET_NAME)";
				PROVISIONING_PROFILE = "";
				TARGETED_DEVICE_FAMILY = "1,2";
			};
			name = Debug;
		};
		A57BE8FC1D3A00B600F67116 /* Release */ = {
			isa = XCBuildConfiguration;
			baseConfigurationReference = 65D28B8855AE8123B944486A /* Pods-MagoMagazine.release.xcconfig */;
			buildSettings = {
				ASSETCATALOG_COMPILER_APPICON_NAME = AppIcon;
				CODE_SIGN_IDENTITY = "iPhone Developer";
				"CODE_SIGN_IDENTITY[sdk=iphoneos*]" = "iPhone Developer";
				INFOPLIST_FILE = MagoMagazine/Info.plist;
				IPHONEOS_DEPLOYMENT_TARGET = 8.2;
				LD_RUNPATH_SEARCH_PATHS = "$(inherited) @executable_path/Frameworks";
				PRODUCT_BUNDLE_IDENTIFIER = com.watanabeyuuki.MagoMagazine;
				PRODUCT_NAME = "$(TARGET_NAME)";
				PROVISIONING_PROFILE = "";
				TARGETED_DEVICE_FAMILY = "1,2";
			};
			name = Release;
		};
		A57BE8FE1D3A00B600F67116 /* Debug */ = {
			isa = XCBuildConfiguration;
			baseConfigurationReference = B3C4AF2D2194DA70C4288405 /* Pods-MagoMagazineTests.debug.xcconfig */;
			buildSettings = {
				BUNDLE_LOADER = "$(TEST_HOST)";
				INFOPLIST_FILE = MagoMagazineTests/Info.plist;
				LD_RUNPATH_SEARCH_PATHS = "$(inherited) @executable_path/Frameworks @loader_path/Frameworks";
				PRODUCT_BUNDLE_IDENTIFIER = com.watanabeyuuki.MagoMagazineTests;
				PRODUCT_NAME = "$(TARGET_NAME)";
				TEST_HOST = "$(BUILT_PRODUCTS_DIR)/MagoMagazine.app/MagoMagazine";
			};
			name = Debug;
		};
		A57BE8FF1D3A00B600F67116 /* Release */ = {
			isa = XCBuildConfiguration;
			baseConfigurationReference = 80A6372A8BC0CF0400CC2B3A /* Pods-MagoMagazineTests.release.xcconfig */;
			buildSettings = {
				BUNDLE_LOADER = "$(TEST_HOST)";
				INFOPLIST_FILE = MagoMagazineTests/Info.plist;
				LD_RUNPATH_SEARCH_PATHS = "$(inherited) @executable_path/Frameworks @loader_path/Frameworks";
				PRODUCT_BUNDLE_IDENTIFIER = com.watanabeyuuki.MagoMagazineTests;
				PRODUCT_NAME = "$(TARGET_NAME)";
				TEST_HOST = "$(BUILT_PRODUCTS_DIR)/MagoMagazine.app/MagoMagazine";
			};
			name = Release;
		};
		A57BE9011D3A00B600F67116 /* Debug */ = {
			isa = XCBuildConfiguration;
			baseConfigurationReference = 68C13CB6E64B18B4847EAFA7 /* Pods-MagoMagazineUITests.debug.xcconfig */;
			buildSettings = {
				INFOPLIST_FILE = MagoMagazineUITests/Info.plist;
				LD_RUNPATH_SEARCH_PATHS = "$(inherited) @executable_path/Frameworks @loader_path/Frameworks";
				PRODUCT_BUNDLE_IDENTIFIER = com.watanabeyuuki.MagoMagazineUITests;
				PRODUCT_NAME = "$(TARGET_NAME)";
				TEST_TARGET_NAME = MagoMagazine;
			};
			name = Debug;
		};
		A57BE9021D3A00B600F67116 /* Release */ = {
			isa = XCBuildConfiguration;
			baseConfigurationReference = 1F812EF7B6072E8D5DB5ADB9 /* Pods-MagoMagazineUITests.release.xcconfig */;
			buildSettings = {
				INFOPLIST_FILE = MagoMagazineUITests/Info.plist;
				LD_RUNPATH_SEARCH_PATHS = "$(inherited) @executable_path/Frameworks @loader_path/Frameworks";
				PRODUCT_BUNDLE_IDENTIFIER = com.watanabeyuuki.MagoMagazineUITests;
				PRODUCT_NAME = "$(TARGET_NAME)";
				TEST_TARGET_NAME = MagoMagazine;
			};
			name = Release;
		};
/* End XCBuildConfiguration section */

/* Begin XCConfigurationList section */
		A57BE8CD1D3A00B600F67116 /* Build configuration list for PBXProject "MagoMagazine" */ = {
			isa = XCConfigurationList;
			buildConfigurations = (
				A57BE8F81D3A00B600F67116 /* Debug */,
				A57BE8F91D3A00B600F67116 /* Release */,
			);
			defaultConfigurationIsVisible = 0;
			defaultConfigurationName = Release;
		};
		A57BE8FA1D3A00B600F67116 /* Build configuration list for PBXNativeTarget "MagoMagazine" */ = {
			isa = XCConfigurationList;
			buildConfigurations = (
				A57BE8FB1D3A00B600F67116 /* Debug */,
				A57BE8FC1D3A00B600F67116 /* Release */,
			);
			defaultConfigurationIsVisible = 0;
			defaultConfigurationName = Release;
		};
		A57BE8FD1D3A00B600F67116 /* Build configuration list for PBXNativeTarget "MagoMagazineTests" */ = {
			isa = XCConfigurationList;
			buildConfigurations = (
				A57BE8FE1D3A00B600F67116 /* Debug */,
				A57BE8FF1D3A00B600F67116 /* Release */,
			);
			defaultConfigurationIsVisible = 0;
			defaultConfigurationName = Release;
		};
		A57BE9001D3A00B600F67116 /* Build configuration list for PBXNativeTarget "MagoMagazineUITests" */ = {
			isa = XCConfigurationList;
			buildConfigurations = (
				A57BE9011D3A00B600F67116 /* Debug */,
				A57BE9021D3A00B600F67116 /* Release */,
			);
			defaultConfigurationIsVisible = 0;
			defaultConfigurationName = Release;
		};
/* End XCConfigurationList section */
	};
	rootObject = A57BE8CA1D3A00B600F67116 /* Project object */;
}
